// !$*UTF8*$!
{
	archiveVersion = 1;
	classes = {
	};
	objectVersion = 56;
	objects = {

/* Begin PBXBuildFile section */
		7E0659892BDEC00400A9A42E /* LocationManager.swift in Sources */ = {isa = PBXBuildFile; fileRef = 7E0659882BDEC00400A9A42E /* LocationManager.swift */; };
		7E26FD862BD3C17B0028D31B /* ViewExtensions.swift in Sources */ = {isa = PBXBuildFile; fileRef = 7E26FD852BD3C17B0028D31B /* ViewExtensions.swift */; };
		7E362AFD2BDAE11600E66A61 /* dummyTableCell.swift in Sources */ = {isa = PBXBuildFile; fileRef = 7E362AFB2BDAE11600E66A61 /* dummyTableCell.swift */; };
		7E362AFE2BDAE11600E66A61 /* dummyTableCell.xib in Resources */ = {isa = PBXBuildFile; fileRef = 7E362AFC2BDAE11600E66A61 /* dummyTableCell.xib */; };
		7E362B012BDAE2A600E66A61 /* profileHeadTableCell.swift in Sources */ = {isa = PBXBuildFile; fileRef = 7E362AFF2BDAE2A600E66A61 /* profileHeadTableCell.swift */; };
		7E362B022BDAE2A600E66A61 /* profileHeadTableCell.xib in Resources */ = {isa = PBXBuildFile; fileRef = 7E362B002BDAE2A600E66A61 /* profileHeadTableCell.xib */; };
		7E4B90D12BD3B7D40083D50A /* SFHello-Regular.ttf in Resources */ = {isa = PBXBuildFile; fileRef = 7E4B90D02BD3B7D40083D50A /* SFHello-Regular.ttf */; };
		7E5ABD922BD419230079F5F6 /* HomeCollectionCell.xib in Resources */ = {isa = PBXBuildFile; fileRef = 7E5ABD912BD419230079F5F6 /* HomeCollectionCell.xib */; };
		7E5ABD932BD419230079F5F6 /* HomeCollectionCell.swift in Sources */ = {isa = PBXBuildFile; fileRef = 7E5ABD902BD419230079F5F6 /* HomeCollectionCell.swift */; };
		7E5ABD962BD420250079F5F6 /* HomeCatagoryCollectionCell.xib in Resources */ = {isa = PBXBuildFile; fileRef = 7E5ABD952BD420250079F5F6 /* HomeCatagoryCollectionCell.xib */; };
		7E5ABD972BD420250079F5F6 /* HomeCatagoryCollectionCell.swift in Sources */ = {isa = PBXBuildFile; fileRef = 7E5ABD942BD420250079F5F6 /* HomeCatagoryCollectionCell.swift */; };
		7E5ABD992BD423290079F5F6 /* HomeVC.swift in Sources */ = {isa = PBXBuildFile; fileRef = 7E5ABD982BD423290079F5F6 /* HomeVC.swift */; };
		7E5ABD9B2BD4E6A20079F5F6 /* SelectserviceVC.swift in Sources */ = {isa = PBXBuildFile; fileRef = 7E5ABD9A2BD4E6A20079F5F6 /* SelectserviceVC.swift */; };
		7E5ABD9E2BD4E7A50079F5F6 /* ServiceCollectionCell.xib in Resources */ = {isa = PBXBuildFile; fileRef = 7E5ABD9D2BD4E7A50079F5F6 /* ServiceCollectionCell.xib */; };
		7E5ABD9F2BD4E7A50079F5F6 /* ServiceCollectionCell.swift in Sources */ = {isa = PBXBuildFile; fileRef = 7E5ABD9C2BD4E7A50079F5F6 /* ServiceCollectionCell.swift */; };
		7E5ABDA22BD4FD810079F5F6 /* BookingCollectionCell.xib in Resources */ = {isa = PBXBuildFile; fileRef = 7E5ABDA12BD4FD810079F5F6 /* BookingCollectionCell.xib */; };
		7E5ABDA32BD4FD810079F5F6 /* BookingCollectionCell.swift in Sources */ = {isa = PBXBuildFile; fileRef = 7E5ABDA02BD4FD810079F5F6 /* BookingCollectionCell.swift */; };
		7E5ABDA52BD506860079F5F6 /* BookingVC.swift in Sources */ = {isa = PBXBuildFile; fileRef = 7E5ABDA42BD506860079F5F6 /* BookingVC.swift */; };
		7E5ABDA82BD50AD80079F5F6 /* BookingCompletedCollectionCell.xib in Resources */ = {isa = PBXBuildFile; fileRef = 7E5ABDA72BD50AD80079F5F6 /* BookingCompletedCollectionCell.xib */; };
		7E5ABDA92BD50AD80079F5F6 /* BookingCompletedCollectionCell.swift in Sources */ = {isa = PBXBuildFile; fileRef = 7E5ABDA62BD50AD80079F5F6 /* BookingCompletedCollectionCell.swift */; };
		7E5ABDAC2BD50C1A0079F5F6 /* BookingCancelledCollectionCell.xib in Resources */ = {isa = PBXBuildFile; fileRef = 7E5ABDAB2BD50C1A0079F5F6 /* BookingCancelledCollectionCell.xib */; };
		7E5ABDAD2BD50C1A0079F5F6 /* BookingCancelledCollectionCell.swift in Sources */ = {isa = PBXBuildFile; fileRef = 7E5ABDAA2BD50C1A0079F5F6 /* BookingCancelledCollectionCell.swift */; };
		7E6762F52BD77EE0005F914B /* CancelServiceCollectionCell.swift in Sources */ = {isa = PBXBuildFile; fileRef = 7E6762F32BD77EE0005F914B /* CancelServiceCollectionCell.swift */; };
		7E6762F62BD77EE0005F914B /* CancelServiceCollectionCell.xib in Resources */ = {isa = PBXBuildFile; fileRef = 7E6762F42BD77EE0005F914B /* CancelServiceCollectionCell.xib */; };
		7E6762F82BD77FEB005F914B /* CancelServiceVC.swift in Sources */ = {isa = PBXBuildFile; fileRef = 7E6762F72BD77FEB005F914B /* CancelServiceVC.swift */; };
		7E6CDC5B2BD998C500A81D46 /* CustomTabbarVC.swift in Sources */ = {isa = PBXBuildFile; fileRef = 7E6CDC5A2BD998C500A81D46 /* CustomTabbarVC.swift */; };
		7E6CDC5D2BD999D600A81D46 /* SignInVC.swift in Sources */ = {isa = PBXBuildFile; fileRef = 7E6CDC5C2BD999D600A81D46 /* SignInVC.swift */; };
		7E6CDC5F2BD99A8B00A81D46 /* SignUpVC.swift in Sources */ = {isa = PBXBuildFile; fileRef = 7E6CDC5E2BD99A8B00A81D46 /* SignUpVC.swift */; };
		7E6CDC612BD99EAE00A81D46 /* NewExploreVC.swift in Sources */ = {isa = PBXBuildFile; fileRef = 7E6CDC602BD99EAE00A81D46 /* NewExploreVC.swift */; };
		7EABEA822BDB5B3700307D7C /* PaymentVC.swift in Sources */ = {isa = PBXBuildFile; fileRef = 7EABEA812BDB5B3700307D7C /* PaymentVC.swift */; };
		7EABEA842BDB616100307D7C /* PaymentSuccessFulVC.swift in Sources */ = {isa = PBXBuildFile; fileRef = 7EABEA832BDB616100307D7C /* PaymentSuccessFulVC.swift */; };
		7EABEA872BDB67F000307D7C /* DataModels.swift in Sources */ = {isa = PBXBuildFile; fileRef = 7EABEA862BDB67F000307D7C /* DataModels.swift */; };
		7EB8209E2BD8BED3007DA6FD /* DateSelectCollectionViewCell.swift in Sources */ = {isa = PBXBuildFile; fileRef = 7EB8209C2BD8BED3007DA6FD /* DateSelectCollectionViewCell.swift */; };
		7EB8209F2BD8BED3007DA6FD /* DateSelectCollectionViewCell.xib in Resources */ = {isa = PBXBuildFile; fileRef = 7EB8209D2BD8BED3007DA6FD /* DateSelectCollectionViewCell.xib */; };
		7EB820A12BD8E6DA007DA6FD /* DateAndTimeVC.swift in Sources */ = {isa = PBXBuildFile; fileRef = 7EB820A02BD8E6DA007DA6FD /* DateAndTimeVC.swift */; };
		7EB820A42BD90716007DA6FD /* TimeSlotCollectionCell.swift in Sources */ = {isa = PBXBuildFile; fileRef = 7EB820A22BD90716007DA6FD /* TimeSlotCollectionCell.swift */; };
		7EB820A52BD90716007DA6FD /* TimeSlotCollectionCell.xib in Resources */ = {isa = PBXBuildFile; fileRef = 7EB820A32BD90716007DA6FD /* TimeSlotCollectionCell.xib */; };
		7EDC08B32BD82C4500870986 /* ProfileVC.swift in Sources */ = {isa = PBXBuildFile; fileRef = 7EDC08B22BD82C4500870986 /* ProfileVC.swift */; };
		7EDC08B62BD82CA000870986 /* ProfileTableCell.swift in Sources */ = {isa = PBXBuildFile; fileRef = 7EDC08B42BD82CA000870986 /* ProfileTableCell.swift */; };
		7EDC08B72BD82CA000870986 /* ProfileTableCell.xib in Resources */ = {isa = PBXBuildFile; fileRef = 7EDC08B52BD82CA000870986 /* ProfileTableCell.xib */; };
		A9660B0D2BDF632300DBFAA6 /* CentreCollectionViewCell.swift in Sources */ = {isa = PBXBuildFile; fileRef = A9660B0B2BDF632300DBFAA6 /* CentreCollectionViewCell.swift */; };
		A9660B0E2BDF632300DBFAA6 /* CentreCollectionViewCell.xib in Resources */ = {isa = PBXBuildFile; fileRef = A9660B0C2BDF632300DBFAA6 /* CentreCollectionViewCell.xib */; };
		A9660B102BDF64A000DBFAA6 /* CentreVC.swift in Sources */ = {isa = PBXBuildFile; fileRef = A9660B0F2BDF64A000DBFAA6 /* CentreVC.swift */; };
		C007F2612BE1059400705C16 /* CheckoutTableViewCell.swift in Sources */ = {isa = PBXBuildFile; fileRef = C007F25F2BE1059400705C16 /* CheckoutTableViewCell.swift */; };
		C007F2622BE1059400705C16 /* CheckoutTableViewCell.xib in Resources */ = {isa = PBXBuildFile; fileRef = C007F2602BE1059400705C16 /* CheckoutTableViewCell.xib */; };
		C007F2642BE105C900705C16 /* CheckoutVC.swift in Sources */ = {isa = PBXBuildFile; fileRef = C007F2632BE105C900705C16 /* CheckoutVC.swift */; };
		C02F85592BD97334009C6375 /* NotificationTableViewCell.xib in Resources */ = {isa = PBXBuildFile; fileRef = C02F85582BD97334009C6375 /* NotificationTableViewCell.xib */; };
		C02F855A2BD97334009C6375 /* NotificationTableViewCell.swift in Sources */ = {isa = PBXBuildFile; fileRef = C02F85572BD97334009C6375 /* NotificationTableViewCell.swift */; };
		C02F855C2BD98242009C6375 /* NotificationVC.swift in Sources */ = {isa = PBXBuildFile; fileRef = C02F855B2BD98242009C6375 /* NotificationVC.swift */; };
		C02F855F2BD985D4009C6375 /* NotificationHeaderCell.xib in Resources */ = {isa = PBXBuildFile; fileRef = C02F855E2BD985D4009C6375 /* NotificationHeaderCell.xib */; };
		C02F85602BD985D4009C6375 /* NotificationHeaderCell.swift in Sources */ = {isa = PBXBuildFile; fileRef = C02F855D2BD985D4009C6375 /* NotificationHeaderCell.swift */; };
		C068DE612BCFCA6400147AAF /* AppDelegate.swift in Sources */ = {isa = PBXBuildFile; fileRef = C068DE602BCFCA6400147AAF /* AppDelegate.swift */; };
		C068DE632BCFCA6400147AAF /* SceneDelegate.swift in Sources */ = {isa = PBXBuildFile; fileRef = C068DE622BCFCA6400147AAF /* SceneDelegate.swift */; };
		C068DE652BCFCA6400147AAF /* ViewController.swift in Sources */ = {isa = PBXBuildFile; fileRef = C068DE642BCFCA6400147AAF /* ViewController.swift */; };
		C068DE682BCFCA6400147AAF /* Base in Resources */ = {isa = PBXBuildFile; fileRef = C068DE672BCFCA6400147AAF /* Base */; };
		C068DE6A2BCFCA6500147AAF /* Assets.xcassets in Resources */ = {isa = PBXBuildFile; fileRef = C068DE692BCFCA6500147AAF /* Assets.xcassets */; };
		C068DE6D2BCFCA6500147AAF /* Base in Resources */ = {isa = PBXBuildFile; fileRef = C068DE6C2BCFCA6500147AAF /* Base */; };
		FFFD336E2BDA5D920031B7C6 /* AlbumCollectionViewCell.xib in Resources */ = {isa = PBXBuildFile; fileRef = FFFD336D2BDA5D920031B7C6 /* AlbumCollectionViewCell.xib */; };
		FFFD336F2BDA5D920031B7C6 /* AlbumCollectionViewCell.swift in Sources */ = {isa = PBXBuildFile; fileRef = FFFD336C2BDA5D920031B7C6 /* AlbumCollectionViewCell.swift */; };
		FFFD33752BDA61340031B7C6 /* AlbumVC.swift in Sources */ = {isa = PBXBuildFile; fileRef = FFFD33742BDA61340031B7C6 /* AlbumVC.swift */; };
/* End PBXBuildFile section */

/* Begin PBXFileReference section */
		7E0659882BDEC00400A9A42E /* LocationManager.swift */ = {isa = PBXFileReference; fileEncoding = 4; lastKnownFileType = sourcecode.swift; path = LocationManager.swift; sourceTree = "<group>"; };
		7E26FD852BD3C17B0028D31B /* ViewExtensions.swift */ = {isa = PBXFileReference; lastKnownFileType = sourcecode.swift; path = ViewExtensions.swift; sourceTree = "<group>"; };
		7E362AFB2BDAE11600E66A61 /* dummyTableCell.swift */ = {isa = PBXFileReference; lastKnownFileType = sourcecode.swift; path = dummyTableCell.swift; sourceTree = "<group>"; };
		7E362AFC2BDAE11600E66A61 /* dummyTableCell.xib */ = {isa = PBXFileReference; lastKnownFileType = file.xib; path = dummyTableCell.xib; sourceTree = "<group>"; };
		7E362AFF2BDAE2A600E66A61 /* profileHeadTableCell.swift */ = {isa = PBXFileReference; lastKnownFileType = sourcecode.swift; path = profileHeadTableCell.swift; sourceTree = "<group>"; };
		7E362B002BDAE2A600E66A61 /* profileHeadTableCell.xib */ = {isa = PBXFileReference; lastKnownFileType = file.xib; path = profileHeadTableCell.xib; sourceTree = "<group>"; };
		7E4B90D02BD3B7D40083D50A /* SFHello-Regular.ttf */ = {isa = PBXFileReference; lastKnownFileType = file; path = "SFHello-Regular.ttf"; sourceTree = "<group>"; };
		7E5ABD902BD419230079F5F6 /* HomeCollectionCell.swift */ = {isa = PBXFileReference; lastKnownFileType = sourcecode.swift; path = HomeCollectionCell.swift; sourceTree = "<group>"; };
		7E5ABD912BD419230079F5F6 /* HomeCollectionCell.xib */ = {isa = PBXFileReference; lastKnownFileType = file.xib; path = HomeCollectionCell.xib; sourceTree = "<group>"; };
		7E5ABD942BD420250079F5F6 /* HomeCatagoryCollectionCell.swift */ = {isa = PBXFileReference; lastKnownFileType = sourcecode.swift; path = HomeCatagoryCollectionCell.swift; sourceTree = "<group>"; };
		7E5ABD952BD420250079F5F6 /* HomeCatagoryCollectionCell.xib */ = {isa = PBXFileReference; lastKnownFileType = file.xib; path = HomeCatagoryCollectionCell.xib; sourceTree = "<group>"; };
		7E5ABD982BD423290079F5F6 /* HomeVC.swift */ = {isa = PBXFileReference; lastKnownFileType = sourcecode.swift; path = HomeVC.swift; sourceTree = "<group>"; };
		7E5ABD9A2BD4E6A20079F5F6 /* SelectserviceVC.swift */ = {isa = PBXFileReference; lastKnownFileType = sourcecode.swift; path = SelectserviceVC.swift; sourceTree = "<group>"; };
		7E5ABD9C2BD4E7A50079F5F6 /* ServiceCollectionCell.swift */ = {isa = PBXFileReference; lastKnownFileType = sourcecode.swift; path = ServiceCollectionCell.swift; sourceTree = "<group>"; };
		7E5ABD9D2BD4E7A50079F5F6 /* ServiceCollectionCell.xib */ = {isa = PBXFileReference; lastKnownFileType = file.xib; path = ServiceCollectionCell.xib; sourceTree = "<group>"; };
		7E5ABDA02BD4FD810079F5F6 /* BookingCollectionCell.swift */ = {isa = PBXFileReference; lastKnownFileType = sourcecode.swift; path = BookingCollectionCell.swift; sourceTree = "<group>"; };
		7E5ABDA12BD4FD810079F5F6 /* BookingCollectionCell.xib */ = {isa = PBXFileReference; lastKnownFileType = file.xib; path = BookingCollectionCell.xib; sourceTree = "<group>"; };
		7E5ABDA42BD506860079F5F6 /* BookingVC.swift */ = {isa = PBXFileReference; lastKnownFileType = sourcecode.swift; path = BookingVC.swift; sourceTree = "<group>"; };
		7E5ABDA62BD50AD80079F5F6 /* BookingCompletedCollectionCell.swift */ = {isa = PBXFileReference; lastKnownFileType = sourcecode.swift; path = BookingCompletedCollectionCell.swift; sourceTree = "<group>"; };
		7E5ABDA72BD50AD80079F5F6 /* BookingCompletedCollectionCell.xib */ = {isa = PBXFileReference; lastKnownFileType = file.xib; path = BookingCompletedCollectionCell.xib; sourceTree = "<group>"; };
		7E5ABDAA2BD50C1A0079F5F6 /* BookingCancelledCollectionCell.swift */ = {isa = PBXFileReference; lastKnownFileType = sourcecode.swift; path = BookingCancelledCollectionCell.swift; sourceTree = "<group>"; };
		7E5ABDAB2BD50C1A0079F5F6 /* BookingCancelledCollectionCell.xib */ = {isa = PBXFileReference; lastKnownFileType = file.xib; path = BookingCancelledCollectionCell.xib; sourceTree = "<group>"; };
		7E6762F32BD77EE0005F914B /* CancelServiceCollectionCell.swift */ = {isa = PBXFileReference; lastKnownFileType = sourcecode.swift; path = CancelServiceCollectionCell.swift; sourceTree = "<group>"; };
		7E6762F42BD77EE0005F914B /* CancelServiceCollectionCell.xib */ = {isa = PBXFileReference; lastKnownFileType = file.xib; path = CancelServiceCollectionCell.xib; sourceTree = "<group>"; };
		7E6762F72BD77FEB005F914B /* CancelServiceVC.swift */ = {isa = PBXFileReference; lastKnownFileType = sourcecode.swift; path = CancelServiceVC.swift; sourceTree = "<group>"; };
		7E6CDC5A2BD998C500A81D46 /* CustomTabbarVC.swift */ = {isa = PBXFileReference; lastKnownFileType = sourcecode.swift; path = CustomTabbarVC.swift; sourceTree = "<group>"; };
		7E6CDC5C2BD999D600A81D46 /* SignInVC.swift */ = {isa = PBXFileReference; lastKnownFileType = sourcecode.swift; path = SignInVC.swift; sourceTree = "<group>"; };
		7E6CDC5E2BD99A8B00A81D46 /* SignUpVC.swift */ = {isa = PBXFileReference; lastKnownFileType = sourcecode.swift; path = SignUpVC.swift; sourceTree = "<group>"; };
		7E6CDC602BD99EAE00A81D46 /* NewExploreVC.swift */ = {isa = PBXFileReference; lastKnownFileType = sourcecode.swift; path = NewExploreVC.swift; sourceTree = "<group>"; };
		7EABEA812BDB5B3700307D7C /* PaymentVC.swift */ = {isa = PBXFileReference; lastKnownFileType = sourcecode.swift; path = PaymentVC.swift; sourceTree = "<group>"; };
		7EABEA832BDB616100307D7C /* PaymentSuccessFulVC.swift */ = {isa = PBXFileReference; lastKnownFileType = sourcecode.swift; path = PaymentSuccessFulVC.swift; sourceTree = "<group>"; };
		7EABEA862BDB67F000307D7C /* DataModels.swift */ = {isa = PBXFileReference; lastKnownFileType = sourcecode.swift; path = DataModels.swift; sourceTree = "<group>"; };
		7EB8209C2BD8BED3007DA6FD /* DateSelectCollectionViewCell.swift */ = {isa = PBXFileReference; lastKnownFileType = sourcecode.swift; path = DateSelectCollectionViewCell.swift; sourceTree = "<group>"; };
		7EB8209D2BD8BED3007DA6FD /* DateSelectCollectionViewCell.xib */ = {isa = PBXFileReference; lastKnownFileType = file.xib; path = DateSelectCollectionViewCell.xib; sourceTree = "<group>"; };
		7EB820A02BD8E6DA007DA6FD /* DateAndTimeVC.swift */ = {isa = PBXFileReference; lastKnownFileType = sourcecode.swift; path = DateAndTimeVC.swift; sourceTree = "<group>"; };
		7EB820A22BD90716007DA6FD /* TimeSlotCollectionCell.swift */ = {isa = PBXFileReference; lastKnownFileType = sourcecode.swift; path = TimeSlotCollectionCell.swift; sourceTree = "<group>"; };
		7EB820A32BD90716007DA6FD /* TimeSlotCollectionCell.xib */ = {isa = PBXFileReference; lastKnownFileType = file.xib; path = TimeSlotCollectionCell.xib; sourceTree = "<group>"; };
		7EDC08B22BD82C4500870986 /* ProfileVC.swift */ = {isa = PBXFileReference; lastKnownFileType = sourcecode.swift; path = ProfileVC.swift; sourceTree = "<group>"; };
		7EDC08B42BD82CA000870986 /* ProfileTableCell.swift */ = {isa = PBXFileReference; lastKnownFileType = sourcecode.swift; path = ProfileTableCell.swift; sourceTree = "<group>"; };
		7EDC08B52BD82CA000870986 /* ProfileTableCell.xib */ = {isa = PBXFileReference; lastKnownFileType = file.xib; path = ProfileTableCell.xib; sourceTree = "<group>"; };
		A9660B0B2BDF632300DBFAA6 /* CentreCollectionViewCell.swift */ = {isa = PBXFileReference; lastKnownFileType = sourcecode.swift; path = CentreCollectionViewCell.swift; sourceTree = "<group>"; };
		A9660B0C2BDF632300DBFAA6 /* CentreCollectionViewCell.xib */ = {isa = PBXFileReference; lastKnownFileType = file.xib; path = CentreCollectionViewCell.xib; sourceTree = "<group>"; };
		A9660B0F2BDF64A000DBFAA6 /* CentreVC.swift */ = {isa = PBXFileReference; lastKnownFileType = sourcecode.swift; path = CentreVC.swift; sourceTree = "<group>"; };
		C007F25F2BE1059400705C16 /* CheckoutTableViewCell.swift */ = {isa = PBXFileReference; lastKnownFileType = sourcecode.swift; path = CheckoutTableViewCell.swift; sourceTree = "<group>"; };
		C007F2602BE1059400705C16 /* CheckoutTableViewCell.xib */ = {isa = PBXFileReference; lastKnownFileType = file.xib; path = CheckoutTableViewCell.xib; sourceTree = "<group>"; };
		C007F2632BE105C900705C16 /* CheckoutVC.swift */ = {isa = PBXFileReference; lastKnownFileType = sourcecode.swift; path = CheckoutVC.swift; sourceTree = "<group>"; };
		C02F85572BD97334009C6375 /* NotificationTableViewCell.swift */ = {isa = PBXFileReference; lastKnownFileType = sourcecode.swift; path = NotificationTableViewCell.swift; sourceTree = "<group>"; };
		C02F85582BD97334009C6375 /* NotificationTableViewCell.xib */ = {isa = PBXFileReference; lastKnownFileType = file.xib; path = NotificationTableViewCell.xib; sourceTree = "<group>"; };
		C02F855B2BD98242009C6375 /* NotificationVC.swift */ = {isa = PBXFileReference; lastKnownFileType = sourcecode.swift; path = NotificationVC.swift; sourceTree = "<group>"; };
		C02F855D2BD985D4009C6375 /* NotificationHeaderCell.swift */ = {isa = PBXFileReference; lastKnownFileType = sourcecode.swift; path = NotificationHeaderCell.swift; sourceTree = "<group>"; };
		C02F855E2BD985D4009C6375 /* NotificationHeaderCell.xib */ = {isa = PBXFileReference; lastKnownFileType = file.xib; path = NotificationHeaderCell.xib; sourceTree = "<group>"; };
		C068DE5D2BCFCA6400147AAF /* Quick Cuts.app */ = {isa = PBXFileReference; explicitFileType = wrapper.application; includeInIndex = 0; path = "Quick Cuts.app"; sourceTree = BUILT_PRODUCTS_DIR; };
		C068DE602BCFCA6400147AAF /* AppDelegate.swift */ = {isa = PBXFileReference; lastKnownFileType = sourcecode.swift; path = AppDelegate.swift; sourceTree = "<group>"; };
		C068DE622BCFCA6400147AAF /* SceneDelegate.swift */ = {isa = PBXFileReference; lastKnownFileType = sourcecode.swift; path = SceneDelegate.swift; sourceTree = "<group>"; };
		C068DE642BCFCA6400147AAF /* ViewController.swift */ = {isa = PBXFileReference; lastKnownFileType = sourcecode.swift; path = ViewController.swift; sourceTree = "<group>"; };
		C068DE672BCFCA6400147AAF /* Base */ = {isa = PBXFileReference; lastKnownFileType = file.storyboard; name = Base; path = Base.lproj/Main.storyboard; sourceTree = "<group>"; };
		C068DE692BCFCA6500147AAF /* Assets.xcassets */ = {isa = PBXFileReference; lastKnownFileType = folder.assetcatalog; path = Assets.xcassets; sourceTree = "<group>"; };
		C068DE6C2BCFCA6500147AAF /* Base */ = {isa = PBXFileReference; lastKnownFileType = file.storyboard; name = Base; path = Base.lproj/LaunchScreen.storyboard; sourceTree = "<group>"; };
		C068DE6E2BCFCA6500147AAF /* Info.plist */ = {isa = PBXFileReference; lastKnownFileType = text.plist.xml; path = Info.plist; sourceTree = "<group>"; };
		FFFD336C2BDA5D920031B7C6 /* AlbumCollectionViewCell.swift */ = {isa = PBXFileReference; lastKnownFileType = sourcecode.swift; path = AlbumCollectionViewCell.swift; sourceTree = "<group>"; };
		FFFD336D2BDA5D920031B7C6 /* AlbumCollectionViewCell.xib */ = {isa = PBXFileReference; lastKnownFileType = file.xib; path = AlbumCollectionViewCell.xib; sourceTree = "<group>"; };
		FFFD33742BDA61340031B7C6 /* AlbumVC.swift */ = {isa = PBXFileReference; lastKnownFileType = sourcecode.swift; path = AlbumVC.swift; sourceTree = "<group>"; };
/* End PBXFileReference section */

/* Begin PBXFrameworksBuildPhase section */
		C068DE5A2BCFCA6400147AAF /* Frameworks */ = {
			isa = PBXFrameworksBuildPhase;
			buildActionMask = 2147483647;
			files = (
			);
			runOnlyForDeploymentPostprocessing = 0;
		};
/* End PBXFrameworksBuildPhase section */

/* Begin PBXGroup section */
		7E0659872BDEBFF800A9A42E /* Managers */ = {
			isa = PBXGroup;
			children = (
				7E0659882BDEC00400A9A42E /* LocationManager.swift */,
			);
			path = Managers;
			sourceTree = "<group>";
		};
		7E26FD842BD3C1650028D31B /* Helpers */ = {
			isa = PBXGroup;
			children = (
				7E26FD852BD3C17B0028D31B /* ViewExtensions.swift */,
			);
			path = Helpers;
			sourceTree = "<group>";
		};
		7E4B90CC2BD3AAB60083D50A /* Application */ = {
			isa = PBXGroup;
			children = (
				C068DE602BCFCA6400147AAF /* AppDelegate.swift */,
				C068DE622BCFCA6400147AAF /* SceneDelegate.swift */,
			);
			path = Application;
			sourceTree = "<group>";
		};
		7E4B90CD2BD3AC990083D50A /* View */ = {
			isa = PBXGroup;
			children = (
				C068DE662BCFCA6400147AAF /* Main.storyboard */,
				C068DE6B2BCFCA6500147AAF /* LaunchScreen.storyboard */,
			);
			path = View;
			sourceTree = "<group>";
		};
		7E4B90CE2BD3ACB20083D50A /* Controllers */ = {
			isa = PBXGroup;
			children = (
				C068DE642BCFCA6400147AAF /* ViewController.swift */,
				7E5ABD982BD423290079F5F6 /* HomeVC.swift */,
				7E5ABD9A2BD4E6A20079F5F6 /* SelectserviceVC.swift */,
				7E5ABDA42BD506860079F5F6 /* BookingVC.swift */,
				7E6762F72BD77FEB005F914B /* CancelServiceVC.swift */,
				7EDC08B22BD82C4500870986 /* ProfileVC.swift */,
				7EB820A02BD8E6DA007DA6FD /* DateAndTimeVC.swift */,
				C02F855B2BD98242009C6375 /* NotificationVC.swift */,
				7E6CDC5A2BD998C500A81D46 /* CustomTabbarVC.swift */,
				7E6CDC5C2BD999D600A81D46 /* SignInVC.swift */,
				7E6CDC5E2BD99A8B00A81D46 /* SignUpVC.swift */,
				7E6CDC602BD99EAE00A81D46 /* NewExploreVC.swift */,
				FFFD33742BDA61340031B7C6 /* AlbumVC.swift */,
				7EABEA812BDB5B3700307D7C /* PaymentVC.swift */,
				7EABEA832BDB616100307D7C /* PaymentSuccessFulVC.swift */,
				A9660B0F2BDF64A000DBFAA6 /* CentreVC.swift */,
				C007F2632BE105C900705C16 /* CheckoutVC.swift */,
			);
			path = Controllers;
			sourceTree = "<group>";
		};
		7E4B90CF2BD3B13B0083D50A /* Resources */ = {
			isa = PBXGroup;
			children = (
				7E4B90D02BD3B7D40083D50A /* SFHello-Regular.ttf */,
			);
			path = Resources;
			sourceTree = "<group>";
		};
		7E5ABD8F2BD419050079F5F6 /* Xibs */ = {
			isa = PBXGroup;
			children = (
				7E5ABD902BD419230079F5F6 /* HomeCollectionCell.swift */,
				7E5ABD912BD419230079F5F6 /* HomeCollectionCell.xib */,
				7E5ABD942BD420250079F5F6 /* HomeCatagoryCollectionCell.swift */,
				7E5ABD952BD420250079F5F6 /* HomeCatagoryCollectionCell.xib */,
				7E5ABD9C2BD4E7A50079F5F6 /* ServiceCollectionCell.swift */,
				7E5ABD9D2BD4E7A50079F5F6 /* ServiceCollectionCell.xib */,
				7E5ABDA02BD4FD810079F5F6 /* BookingCollectionCell.swift */,
				7E5ABDA12BD4FD810079F5F6 /* BookingCollectionCell.xib */,
				7E5ABDA62BD50AD80079F5F6 /* BookingCompletedCollectionCell.swift */,
				7E5ABDA72BD50AD80079F5F6 /* BookingCompletedCollectionCell.xib */,
				7E5ABDAA2BD50C1A0079F5F6 /* BookingCancelledCollectionCell.swift */,
				7E5ABDAB2BD50C1A0079F5F6 /* BookingCancelledCollectionCell.xib */,
				7E6762F32BD77EE0005F914B /* CancelServiceCollectionCell.swift */,
				7E6762F42BD77EE0005F914B /* CancelServiceCollectionCell.xib */,
				7EDC08B42BD82CA000870986 /* ProfileTableCell.swift */,
				7EDC08B52BD82CA000870986 /* ProfileTableCell.xib */,
				7EB8209C2BD8BED3007DA6FD /* DateSelectCollectionViewCell.swift */,
				7EB8209D2BD8BED3007DA6FD /* DateSelectCollectionViewCell.xib */,
				7EB820A22BD90716007DA6FD /* TimeSlotCollectionCell.swift */,
				7EB820A32BD90716007DA6FD /* TimeSlotCollectionCell.xib */,
				C02F85572BD97334009C6375 /* NotificationTableViewCell.swift */,
				C02F85582BD97334009C6375 /* NotificationTableViewCell.xib */,
				C02F855D2BD985D4009C6375 /* NotificationHeaderCell.swift */,
				C02F855E2BD985D4009C6375 /* NotificationHeaderCell.xib */,
				FFFD336C2BDA5D920031B7C6 /* AlbumCollectionViewCell.swift */,
				FFFD336D2BDA5D920031B7C6 /* AlbumCollectionViewCell.xib */,
				7E362AFB2BDAE11600E66A61 /* dummyTableCell.swift */,
				7E362AFC2BDAE11600E66A61 /* dummyTableCell.xib */,
				7E362AFF2BDAE2A600E66A61 /* profileHeadTableCell.swift */,
				7E362B002BDAE2A600E66A61 /* profileHeadTableCell.xib */,
				A9660B0B2BDF632300DBFAA6 /* CentreCollectionViewCell.swift */,
				A9660B0C2BDF632300DBFAA6 /* CentreCollectionViewCell.xib */,
				C007F25F2BE1059400705C16 /* CheckoutTableViewCell.swift */,
				C007F2602BE1059400705C16 /* CheckoutTableViewCell.xib */,
			);
			path = Xibs;
			sourceTree = "<group>";
		};
		7EABEA852BDB627100307D7C /* Model */ = {
			isa = PBXGroup;
			children = (
				7EABEA862BDB67F000307D7C /* DataModels.swift */,
			);
			path = Model;
			sourceTree = "<group>";
		};
		C068DE542BCFCA6400147AAF = {
			isa = PBXGroup;
			children = (
				C068DE5F2BCFCA6400147AAF /* Quick Cuts */,
				C068DE5E2BCFCA6400147AAF /* Products */,
			);
			sourceTree = "<group>";
		};
		C068DE5E2BCFCA6400147AAF /* Products */ = {
			isa = PBXGroup;
			children = (
				C068DE5D2BCFCA6400147AAF /* Quick Cuts.app */,
			);
			name = Products;
			sourceTree = "<group>";
		};
		C068DE5F2BCFCA6400147AAF /* Quick Cuts */ = {
			isa = PBXGroup;
			children = (
				7E0659872BDEBFF800A9A42E /* Managers */,
				7EABEA852BDB627100307D7C /* Model */,
				7E5ABD8F2BD419050079F5F6 /* Xibs */,
				7E26FD842BD3C1650028D31B /* Helpers */,
				7E4B90CF2BD3B13B0083D50A /* Resources */,
				C068DE6E2BCFCA6500147AAF /* Info.plist */,
				C068DE692BCFCA6500147AAF /* Assets.xcassets */,
				7E4B90CC2BD3AAB60083D50A /* Application */,
				7E4B90CE2BD3ACB20083D50A /* Controllers */,
				7E4B90CD2BD3AC990083D50A /* View */,
			);
			path = "Quick Cuts";
			sourceTree = "<group>";
		};
/* End PBXGroup section */

/* Begin PBXNativeTarget section */
		C068DE5C2BCFCA6400147AAF /* Quick Cuts */ = {
			isa = PBXNativeTarget;
			buildConfigurationList = C068DE712BCFCA6500147AAF /* Build configuration list for PBXNativeTarget "Quick Cuts" */;
			buildPhases = (
				C068DE592BCFCA6400147AAF /* Sources */,
				C068DE5A2BCFCA6400147AAF /* Frameworks */,
				C068DE5B2BCFCA6400147AAF /* Resources */,
			);
			buildRules = (
			);
			dependencies = (
			);
			name = "Quick Cuts";
			productName = "Quick Cuts";
			productReference = C068DE5D2BCFCA6400147AAF /* Quick Cuts.app */;
			productType = "com.apple.product-type.application";
		};
/* End PBXNativeTarget section */

/* Begin PBXProject section */
		C068DE552BCFCA6400147AAF /* Project object */ = {
			isa = PBXProject;
			attributes = {
				BuildIndependentTargetsInParallel = 1;
				LastSwiftUpdateCheck = 1530;
				LastUpgradeCheck = 1530;
				TargetAttributes = {
					C068DE5C2BCFCA6400147AAF = {
						CreatedOnToolsVersion = 15.3;
					};
				};
			};
			buildConfigurationList = C068DE582BCFCA6400147AAF /* Build configuration list for PBXProject "Quick Cuts" */;
			compatibilityVersion = "Xcode 14.0";
			developmentRegion = en;
			hasScannedForEncodings = 0;
			knownRegions = (
				en,
				Base,
			);
			mainGroup = C068DE542BCFCA6400147AAF;
			productRefGroup = C068DE5E2BCFCA6400147AAF /* Products */;
			projectDirPath = "";
			projectRoot = "";
			targets = (
				C068DE5C2BCFCA6400147AAF /* Quick Cuts */,
			);
		};
/* End PBXProject section */

/* Begin PBXResourcesBuildPhase section */
		C068DE5B2BCFCA6400147AAF /* Resources */ = {
			isa = PBXResourcesBuildPhase;
			buildActionMask = 2147483647;
			files = (
				7EB820A52BD90716007DA6FD /* TimeSlotCollectionCell.xib in Resources */,
				7E6762F62BD77EE0005F914B /* CancelServiceCollectionCell.xib in Resources */,
				C068DE6A2BCFCA6500147AAF /* Assets.xcassets in Resources */,
				7EDC08B72BD82CA000870986 /* ProfileTableCell.xib in Resources */,
				7E5ABDAC2BD50C1A0079F5F6 /* BookingCancelledCollectionCell.xib in Resources */,
				C02F85592BD97334009C6375 /* NotificationTableViewCell.xib in Resources */,
				7E362B022BDAE2A600E66A61 /* profileHeadTableCell.xib in Resources */,
				7E5ABD9E2BD4E7A50079F5F6 /* ServiceCollectionCell.xib in Resources */,
				7EB8209F2BD8BED3007DA6FD /* DateSelectCollectionViewCell.xib in Resources */,
				7E5ABD922BD419230079F5F6 /* HomeCollectionCell.xib in Resources */,
				FFFD336E2BDA5D920031B7C6 /* AlbumCollectionViewCell.xib in Resources */,
				7E5ABD962BD420250079F5F6 /* HomeCatagoryCollectionCell.xib in Resources */,
				7E5ABDA82BD50AD80079F5F6 /* BookingCompletedCollectionCell.xib in Resources */,
				C02F855F2BD985D4009C6375 /* NotificationHeaderCell.xib in Resources */,
				7E362AFE2BDAE11600E66A61 /* dummyTableCell.xib in Resources */,
				C068DE6D2BCFCA6500147AAF /* Base in Resources */,
				C007F2622BE1059400705C16 /* CheckoutTableViewCell.xib in Resources */,
				C068DE682BCFCA6400147AAF /* Base in Resources */,
				A9660B0E2BDF632300DBFAA6 /* CentreCollectionViewCell.xib in Resources */,
				7E4B90D12BD3B7D40083D50A /* SFHello-Regular.ttf in Resources */,
				7E5ABDA22BD4FD810079F5F6 /* BookingCollectionCell.xib in Resources */,
			);
			runOnlyForDeploymentPostprocessing = 0;
		};
/* End PBXResourcesBuildPhase section */

/* Begin PBXSourcesBuildPhase section */
		C068DE592BCFCA6400147AAF /* Sources */ = {
			isa = PBXSourcesBuildPhase;
			buildActionMask = 2147483647;
			files = (
				A9660B102BDF64A000DBFAA6 /* CentreVC.swift in Sources */,
				7E6762F82BD77FEB005F914B /* CancelServiceVC.swift in Sources */,
				7EABEA872BDB67F000307D7C /* DataModels.swift in Sources */,
				7EABEA822BDB5B3700307D7C /* PaymentVC.swift in Sources */,
				7E362B012BDAE2A600E66A61 /* profileHeadTableCell.swift in Sources */,
				7E362AFD2BDAE11600E66A61 /* dummyTableCell.swift in Sources */,
				A9660B0D2BDF632300DBFAA6 /* CentreCollectionViewCell.swift in Sources */,
				7E5ABDA52BD506860079F5F6 /* BookingVC.swift in Sources */,
				7E6762F52BD77EE0005F914B /* CancelServiceCollectionCell.swift in Sources */,
				7EB820A12BD8E6DA007DA6FD /* DateAndTimeVC.swift in Sources */,
				7E5ABD932BD419230079F5F6 /* HomeCollectionCell.swift in Sources */,
				7EDC08B62BD82CA000870986 /* ProfileTableCell.swift in Sources */,
				C007F2642BE105C900705C16 /* CheckoutVC.swift in Sources */,
				7EB8209E2BD8BED3007DA6FD /* DateSelectCollectionViewCell.swift in Sources */,
				7E5ABD9F2BD4E7A50079F5F6 /* ServiceCollectionCell.swift in Sources */,
				7E5ABD992BD423290079F5F6 /* HomeVC.swift in Sources */,
				7E5ABDA32BD4FD810079F5F6 /* BookingCollectionCell.swift in Sources */,
				7E6CDC5F2BD99A8B00A81D46 /* SignUpVC.swift in Sources */,
				7E6CDC5B2BD998C500A81D46 /* CustomTabbarVC.swift in Sources */,
				C02F855A2BD97334009C6375 /* NotificationTableViewCell.swift in Sources */,
				7E0659892BDEC00400A9A42E /* LocationManager.swift in Sources */,
				7E5ABD9B2BD4E6A20079F5F6 /* SelectserviceVC.swift in Sources */,
				C068DE652BCFCA6400147AAF /* ViewController.swift in Sources */,
				7E6CDC612BD99EAE00A81D46 /* NewExploreVC.swift in Sources */,
				7E5ABD972BD420250079F5F6 /* HomeCatagoryCollectionCell.swift in Sources */,
				7E5ABDAD2BD50C1A0079F5F6 /* BookingCancelledCollectionCell.swift in Sources */,
				7EB820A42BD90716007DA6FD /* TimeSlotCollectionCell.swift in Sources */,
				7E6CDC5D2BD999D600A81D46 /* SignInVC.swift in Sources */,
				C007F2612BE1059400705C16 /* CheckoutTableViewCell.swift in Sources */,
				FFFD336F2BDA5D920031B7C6 /* AlbumCollectionViewCell.swift in Sources */,
				C068DE612BCFCA6400147AAF /* AppDelegate.swift in Sources */,
				7EDC08B32BD82C4500870986 /* ProfileVC.swift in Sources */,
				C02F855C2BD98242009C6375 /* NotificationVC.swift in Sources */,
				FFFD33752BDA61340031B7C6 /* AlbumVC.swift in Sources */,
				7E5ABDA92BD50AD80079F5F6 /* BookingCompletedCollectionCell.swift in Sources */,
				7E26FD862BD3C17B0028D31B /* ViewExtensions.swift in Sources */,
				C068DE632BCFCA6400147AAF /* SceneDelegate.swift in Sources */,
				7EABEA842BDB616100307D7C /* PaymentSuccessFulVC.swift in Sources */,
				C02F85602BD985D4009C6375 /* NotificationHeaderCell.swift in Sources */,
			);
			runOnlyForDeploymentPostprocessing = 0;
		};
/* End PBXSourcesBuildPhase section */

/* Begin PBXVariantGroup section */
		C068DE662BCFCA6400147AAF /* Main.storyboard */ = {
			isa = PBXVariantGroup;
			children = (
				C068DE672BCFCA6400147AAF /* Base */,
			);
			name = Main.storyboard;
			sourceTree = "<group>";
		};
		C068DE6B2BCFCA6500147AAF /* LaunchScreen.storyboard */ = {
			isa = PBXVariantGroup;
			children = (
				C068DE6C2BCFCA6500147AAF /* Base */,
			);
			name = LaunchScreen.storyboard;
			sourceTree = "<group>";
		};
/* End PBXVariantGroup section */

/* Begin XCBuildConfiguration section */
		C068DE6F2BCFCA6500147AAF /* Debug */ = {
			isa = XCBuildConfiguration;
			buildSettings = {
				ALWAYS_SEARCH_USER_PATHS = NO;
				ASSETCATALOG_COMPILER_GENERATE_SWIFT_ASSET_SYMBOL_EXTENSIONS = YES;
				CLANG_ANALYZER_NONNULL = YES;
				CLANG_ANALYZER_NUMBER_OBJECT_CONVERSION = YES_AGGRESSIVE;
				CLANG_CXX_LANGUAGE_STANDARD = "gnu++20";
				CLANG_ENABLE_MODULES = YES;
				CLANG_ENABLE_OBJC_ARC = YES;
				CLANG_ENABLE_OBJC_WEAK = YES;
				CLANG_WARN_BLOCK_CAPTURE_AUTORELEASING = YES;
				CLANG_WARN_BOOL_CONVERSION = YES;
				CLANG_WARN_COMMA = YES;
				CLANG_WARN_CONSTANT_CONVERSION = YES;
				CLANG_WARN_DEPRECATED_OBJC_IMPLEMENTATIONS = YES;
				CLANG_WARN_DIRECT_OBJC_ISA_USAGE = YES_ERROR;
				CLANG_WARN_DOCUMENTATION_COMMENTS = YES;
				CLANG_WARN_EMPTY_BODY = YES;
				CLANG_WARN_ENUM_CONVERSION = YES;
				CLANG_WARN_INFINITE_RECURSION = YES;
				CLANG_WARN_INT_CONVERSION = YES;
				CLANG_WARN_NON_LITERAL_NULL_CONVERSION = YES;
				CLANG_WARN_OBJC_IMPLICIT_RETAIN_SELF = YES;
				CLANG_WARN_OBJC_LITERAL_CONVERSION = YES;
				CLANG_WARN_OBJC_ROOT_CLASS = YES_ERROR;
				CLANG_WARN_QUOTED_INCLUDE_IN_FRAMEWORK_HEADER = YES;
				CLANG_WARN_RANGE_LOOP_ANALYSIS = YES;
				CLANG_WARN_STRICT_PROTOTYPES = YES;
				CLANG_WARN_SUSPICIOUS_MOVE = YES;
				CLANG_WARN_UNGUARDED_AVAILABILITY = YES_AGGRESSIVE;
				CLANG_WARN_UNREACHABLE_CODE = YES;
				CLANG_WARN__DUPLICATE_METHOD_MATCH = YES;
				COPY_PHASE_STRIP = NO;
				DEBUG_INFORMATION_FORMAT = dwarf;
				ENABLE_STRICT_OBJC_MSGSEND = YES;
				ENABLE_TESTABILITY = YES;
				ENABLE_USER_SCRIPT_SANDBOXING = YES;
				GCC_C_LANGUAGE_STANDARD = gnu17;
				GCC_DYNAMIC_NO_PIC = NO;
				GCC_NO_COMMON_BLOCKS = YES;
				GCC_OPTIMIZATION_LEVEL = 0;
				GCC_PREPROCESSOR_DEFINITIONS = (
					"DEBUG=1",
					"$(inherited)",
				);
				GCC_WARN_64_TO_32_BIT_CONVERSION = YES;
				GCC_WARN_ABOUT_RETURN_TYPE = YES_ERROR;
				GCC_WARN_UNDECLARED_SELECTOR = YES;
				GCC_WARN_UNINITIALIZED_AUTOS = YES_AGGRESSIVE;
				GCC_WARN_UNUSED_FUNCTION = YES;
				GCC_WARN_UNUSED_VARIABLE = YES;
				IPHONEOS_DEPLOYMENT_TARGET = 17.4;
				LOCALIZATION_PREFERS_STRING_CATALOGS = YES;
				MTL_ENABLE_DEBUG_INFO = INCLUDE_SOURCE;
				MTL_FAST_MATH = YES;
				ONLY_ACTIVE_ARCH = YES;
				SDKROOT = iphoneos;
				SWIFT_ACTIVE_COMPILATION_CONDITIONS = "DEBUG $(inherited)";
				SWIFT_OPTIMIZATION_LEVEL = "-Onone";
			};
			name = Debug;
		};
		C068DE702BCFCA6500147AAF /* Release */ = {
			isa = XCBuildConfiguration;
			buildSettings = {
				ALWAYS_SEARCH_USER_PATHS = NO;
				ASSETCATALOG_COMPILER_GENERATE_SWIFT_ASSET_SYMBOL_EXTENSIONS = YES;
				CLANG_ANALYZER_NONNULL = YES;
				CLANG_ANALYZER_NUMBER_OBJECT_CONVERSION = YES_AGGRESSIVE;
				CLANG_CXX_LANGUAGE_STANDARD = "gnu++20";
				CLANG_ENABLE_MODULES = YES;
				CLANG_ENABLE_OBJC_ARC = YES;
				CLANG_ENABLE_OBJC_WEAK = YES;
				CLANG_WARN_BLOCK_CAPTURE_AUTORELEASING = YES;
				CLANG_WARN_BOOL_CONVERSION = YES;
				CLANG_WARN_COMMA = YES;
				CLANG_WARN_CONSTANT_CONVERSION = YES;
				CLANG_WARN_DEPRECATED_OBJC_IMPLEMENTATIONS = YES;
				CLANG_WARN_DIRECT_OBJC_ISA_USAGE = YES_ERROR;
				CLANG_WARN_DOCUMENTATION_COMMENTS = YES;
				CLANG_WARN_EMPTY_BODY = YES;
				CLANG_WARN_ENUM_CONVERSION = YES;
				CLANG_WARN_INFINITE_RECURSION = YES;
				CLANG_WARN_INT_CONVERSION = YES;
				CLANG_WARN_NON_LITERAL_NULL_CONVERSION = YES;
				CLANG_WARN_OBJC_IMPLICIT_RETAIN_SELF = YES;
				CLANG_WARN_OBJC_LITERAL_CONVERSION = YES;
				CLANG_WARN_OBJC_ROOT_CLASS = YES_ERROR;
				CLANG_WARN_QUOTED_INCLUDE_IN_FRAMEWORK_HEADER = YES;
				CLANG_WARN_RANGE_LOOP_ANALYSIS = YES;
				CLANG_WARN_STRICT_PROTOTYPES = YES;
				CLANG_WARN_SUSPICIOUS_MOVE = YES;
				CLANG_WARN_UNGUARDED_AVAILABILITY = YES_AGGRESSIVE;
				CLANG_WARN_UNREACHABLE_CODE = YES;
				CLANG_WARN__DUPLICATE_METHOD_MATCH = YES;
				COPY_PHASE_STRIP = NO;
				DEBUG_INFORMATION_FORMAT = "dwarf-with-dsym";
				ENABLE_NS_ASSERTIONS = NO;
				ENABLE_STRICT_OBJC_MSGSEND = YES;
				ENABLE_USER_SCRIPT_SANDBOXING = YES;
				GCC_C_LANGUAGE_STANDARD = gnu17;
				GCC_NO_COMMON_BLOCKS = YES;
				GCC_WARN_64_TO_32_BIT_CONVERSION = YES;
				GCC_WARN_ABOUT_RETURN_TYPE = YES_ERROR;
				GCC_WARN_UNDECLARED_SELECTOR = YES;
				GCC_WARN_UNINITIALIZED_AUTOS = YES_AGGRESSIVE;
				GCC_WARN_UNUSED_FUNCTION = YES;
				GCC_WARN_UNUSED_VARIABLE = YES;
				IPHONEOS_DEPLOYMENT_TARGET = 17.4;
				LOCALIZATION_PREFERS_STRING_CATALOGS = YES;
				MTL_ENABLE_DEBUG_INFO = NO;
				MTL_FAST_MATH = YES;
				SDKROOT = iphoneos;
				SWIFT_COMPILATION_MODE = wholemodule;
				VALIDATE_PRODUCT = YES;
			};
			name = Release;
		};
		C068DE722BCFCA6500147AAF /* Debug */ = {
			isa = XCBuildConfiguration;
			buildSettings = {
				ASSETCATALOG_COMPILER_APPICON_NAME = AppIcon;
				ASSETCATALOG_COMPILER_GLOBAL_ACCENT_COLOR_NAME = AccentColor;
				CODE_SIGN_STYLE = Automatic;
				CURRENT_PROJECT_VERSION = 1;
				DEVELOPMENT_TEAM = QUM623UT8W;
				GENERATE_INFOPLIST_FILE = YES;
				INFOPLIST_FILE = "Quick Cuts/Info.plist";
				INFOPLIST_KEY_NSLocationAlwaysAndWhenInUseUsageDescription = "Application requires user’s location for better user experience.";
				INFOPLIST_KEY_NSLocationAlwaysUsageDescription = "Application requires user’s location for better user experience.";
				INFOPLIST_KEY_NSLocationWhenInUseUsageDescription = "Application requires user’s location for better user experience.";
				INFOPLIST_KEY_UIApplicationSupportsIndirectInputEvents = YES;
				INFOPLIST_KEY_UILaunchStoryboardName = LaunchScreen;
				INFOPLIST_KEY_UIMainStoryboardFile = Main;
				INFOPLIST_KEY_UISupportedInterfaceOrientations_iPad = "UIInterfaceOrientationPortrait UIInterfaceOrientationPortraitUpsideDown UIInterfaceOrientationLandscapeLeft UIInterfaceOrientationLandscapeRight";
				INFOPLIST_KEY_UISupportedInterfaceOrientations_iPhone = "UIInterfaceOrientationPortrait UIInterfaceOrientationLandscapeLeft UIInterfaceOrientationLandscapeRight";
				LD_RUNPATH_SEARCH_PATHS = (
					"$(inherited)",
					"@executable_path/Frameworks",
				);
				MARKETING_VERSION = 1.0;
				PRODUCT_BUNDLE_IDENTIFIER = "com.ios.amit.Quick-Cuts";
				PRODUCT_NAME = "$(TARGET_NAME)";
				SWIFT_EMIT_LOC_STRINGS = YES;
				SWIFT_VERSION = 5.0;
				TARGETED_DEVICE_FAMILY = "1,2";
			};
			name = Debug;
		};
		C068DE732BCFCA6500147AAF /* Release */ = {
			isa = XCBuildConfiguration;
			buildSettings = {
				ASSETCATALOG_COMPILER_APPICON_NAME = AppIcon;
				ASSETCATALOG_COMPILER_GLOBAL_ACCENT_COLOR_NAME = AccentColor;
				CODE_SIGN_STYLE = Automatic;
				CURRENT_PROJECT_VERSION = 1;
				DEVELOPMENT_TEAM = QUM623UT8W;
				GENERATE_INFOPLIST_FILE = YES;
				INFOPLIST_FILE = "Quick Cuts/Info.plist";
				INFOPLIST_KEY_NSLocationAlwaysAndWhenInUseUsageDescription = "Application requires user’s location for better user experience.";
				INFOPLIST_KEY_NSLocationAlwaysUsageDescription = "Application requires user’s location for better user experience.";
				INFOPLIST_KEY_NSLocationWhenInUseUsageDescription = "Application requires user’s location for better user experience.";
				INFOPLIST_KEY_UIApplicationSupportsIndirectInputEvents = YES;
				INFOPLIST_KEY_UILaunchStoryboardName = LaunchScreen;
				INFOPLIST_KEY_UIMainStoryboardFile = Main;
				INFOPLIST_KEY_UISupportedInterfaceOrientations_iPad = "UIInterfaceOrientationPortrait UIInterfaceOrientationPortraitUpsideDown UIInterfaceOrientationLandscapeLeft UIInterfaceOrientationLandscapeRight";
				INFOPLIST_KEY_UISupportedInterfaceOrientations_iPhone = "UIInterfaceOrientationPortrait UIInterfaceOrientationLandscapeLeft UIInterfaceOrientationLandscapeRight";
				LD_RUNPATH_SEARCH_PATHS = (
					"$(inherited)",
					"@executable_path/Frameworks",
				);
				MARKETING_VERSION = 1.0;
				PRODUCT_BUNDLE_IDENTIFIER = "com.ios.amit.Quick-Cuts";
				PRODUCT_NAME = "$(TARGET_NAME)";
				SWIFT_EMIT_LOC_STRINGS = YES;
				SWIFT_VERSION = 5.0;
				TARGETED_DEVICE_FAMILY = "1,2";
			};
			name = Release;
		};
/* End XCBuildConfiguration section */

/* Begin XCConfigurationList section */
		C068DE582BCFCA6400147AAF /* Build configuration list for PBXProject "Quick Cuts" */ = {
			isa = XCConfigurationList;
			buildConfigurations = (
				C068DE6F2BCFCA6500147AAF /* Debug */,
				C068DE702BCFCA6500147AAF /* Release */,
			);
			defaultConfigurationIsVisible = 0;
			defaultConfigurationName = Release;
		};
		C068DE712BCFCA6500147AAF /* Build configuration list for PBXNativeTarget "Quick Cuts" */ = {
			isa = XCConfigurationList;
			buildConfigurations = (
				C068DE722BCFCA6500147AAF /* Debug */,
				C068DE732BCFCA6500147AAF /* Release */,
			);
			defaultConfigurationIsVisible = 0;
			defaultConfigurationName = Release;
		};
/* End XCConfigurationList section */
	};
	rootObject = C068DE552BCFCA6400147AAF /* Project object */;
}
