// !$*UTF8*$!
{
	archiveVersion = 1;
	classes = {
	};
	objectVersion = 56;
	objects = {

/* Begin PBXBuildFile section */
		7E26FD862BD3C17B0028D31B /* ViewExtensions.swift in Sources */ = {isa = PBXBuildFile; fileRef = 7E26FD852BD3C17B0028D31B /* ViewExtensions.swift */; };
		7E4B90D12BD3B7D40083D50A /* SFHello-Regular.ttf in Resources */ = {isa = PBXBuildFile; fileRef = 7E4B90D02BD3B7D40083D50A /* SFHello-Regular.ttf */; };
		7E5ABD922BD419230079F5F6 /* HomeCollectionCell.xib in Resources */ = {isa = PBXBuildFile; fileRef = 7E5ABD912BD419230079F5F6 /* HomeCollectionCell.xib */; };
		7E5ABD932BD419230079F5F6 /* HomeCollectionCell.swift in Sources */ = {isa = PBXBuildFile; fileRef = 7E5ABD902BD419230079F5F6 /* HomeCollectionCell.swift */; };
		7E5ABD962BD420250079F5F6 /* HomeCatagoryCollectionCell.xib in Resources */ = {isa = PBXBuildFile; fileRef = 7E5ABD952BD420250079F5F6 /* HomeCatagoryCollectionCell.xib */; };
		7E5ABD972BD420250079F5F6 /* HomeCatagoryCollectionCell.swift in Sources */ = {isa = PBXBuildFile; fileRef = 7E5ABD942BD420250079F5F6 /* HomeCatagoryCollectionCell.swift */; };
		7E5ABD992BD423290079F5F6 /* HomeVC.swift in Sources */ = {isa = PBXBuildFile; fileRef = 7E5ABD982BD423290079F5F6 /* HomeVC.swift */; };
		C068DE612BCFCA6400147AAF /* AppDelegate.swift in Sources */ = {isa = PBXBuildFile; fileRef = C068DE602BCFCA6400147AAF /* AppDelegate.swift */; };
		C068DE632BCFCA6400147AAF /* SceneDelegate.swift in Sources */ = {isa = PBXBuildFile; fileRef = C068DE622BCFCA6400147AAF /* SceneDelegate.swift */; };
		C068DE652BCFCA6400147AAF /* ViewController.swift in Sources */ = {isa = PBXBuildFile; fileRef = C068DE642BCFCA6400147AAF /* ViewController.swift */; };
		C068DE682BCFCA6400147AAF /* Base in Resources */ = {isa = PBXBuildFile; fileRef = C068DE672BCFCA6400147AAF /* Base */; };
		C068DE6A2BCFCA6500147AAF /* Assets.xcassets in Resources */ = {isa = PBXBuildFile; fileRef = C068DE692BCFCA6500147AAF /* Assets.xcassets */; };
		C068DE6D2BCFCA6500147AAF /* Base in Resources */ = {isa = PBXBuildFile; fileRef = C068DE6C2BCFCA6500147AAF /* Base */; };
/* End PBXBuildFile section */

/* Begin PBXFileReference section */
		7E26FD852BD3C17B0028D31B /* ViewExtensions.swift */ = {isa = PBXFileReference; lastKnownFileType = sourcecode.swift; path = ViewExtensions.swift; sourceTree = "<group>"; };
		7E4B90D02BD3B7D40083D50A /* SFHello-Regular.ttf */ = {isa = PBXFileReference; lastKnownFileType = file; path = "SFHello-Regular.ttf"; sourceTree = "<group>"; };
		7E5ABD902BD419230079F5F6 /* HomeCollectionCell.swift */ = {isa = PBXFileReference; lastKnownFileType = sourcecode.swift; path = HomeCollectionCell.swift; sourceTree = "<group>"; };
		7E5ABD912BD419230079F5F6 /* HomeCollectionCell.xib */ = {isa = PBXFileReference; lastKnownFileType = file.xib; path = HomeCollectionCell.xib; sourceTree = "<group>"; };
		7E5ABD942BD420250079F5F6 /* HomeCatagoryCollectionCell.swift */ = {isa = PBXFileReference; lastKnownFileType = sourcecode.swift; path = HomeCatagoryCollectionCell.swift; sourceTree = "<group>"; };
		7E5ABD952BD420250079F5F6 /* HomeCatagoryCollectionCell.xib */ = {isa = PBXFileReference; lastKnownFileType = file.xib; path = HomeCatagoryCollectionCell.xib; sourceTree = "<group>"; };
		7E5ABD982BD423290079F5F6 /* HomeVC.swift */ = {isa = PBXFileReference; lastKnownFileType = sourcecode.swift; path = HomeVC.swift; sourceTree = "<group>"; };
		C068DE5D2BCFCA6400147AAF /* Quick Cuts.app */ = {isa = PBXFileReference; explicitFileType = wrapper.application; includeInIndex = 0; path = "Quick Cuts.app"; sourceTree = BUILT_PRODUCTS_DIR; };
		C068DE602BCFCA6400147AAF /* AppDelegate.swift */ = {isa = PBXFileReference; lastKnownFileType = sourcecode.swift; path = AppDelegate.swift; sourceTree = "<group>"; };
		C068DE622BCFCA6400147AAF /* SceneDelegate.swift */ = {isa = PBXFileReference; lastKnownFileType = sourcecode.swift; path = SceneDelegate.swift; sourceTree = "<group>"; };
		C068DE642BCFCA6400147AAF /* ViewController.swift */ = {isa = PBXFileReference; lastKnownFileType = sourcecode.swift; path = ViewController.swift; sourceTree = "<group>"; };
		C068DE672BCFCA6400147AAF /* Base */ = {isa = PBXFileReference; lastKnownFileType = file.storyboard; name = Base; path = Base.lproj/Main.storyboard; sourceTree = "<group>"; };
		C068DE692BCFCA6500147AAF /* Assets.xcassets */ = {isa = PBXFileReference; lastKnownFileType = folder.assetcatalog; path = Assets.xcassets; sourceTree = "<group>"; };
		C068DE6C2BCFCA6500147AAF /* Base */ = {isa = PBXFileReference; lastKnownFileType = file.storyboard; name = Base; path = Base.lproj/LaunchScreen.storyboard; sourceTree = "<group>"; };
		C068DE6E2BCFCA6500147AAF /* Info.plist */ = {isa = PBXFileReference; lastKnownFileType = text.plist.xml; path = Info.plist; sourceTree = "<group>"; };
/* End PBXFileReference section */

/* Begin PBXFrameworksBuildPhase section */
		C068DE5A2BCFCA6400147AAF /* Frameworks */ = {
			isa = PBXFrameworksBuildPhase;
			buildActionMask = 2147483647;
			files = (
			);
			runOnlyForDeploymentPostprocessing = 0;
		};
/* End PBXFrameworksBuildPhase section */

/* Begin PBXGroup section */
		7E26FD842BD3C1650028D31B /* Helpers */ = {
			isa = PBXGroup;
			children = (
				7E26FD852BD3C17B0028D31B /* ViewExtensions.swift */,
			);
			path = Helpers;
			sourceTree = "<group>";
		};
		7E4B90CC2BD3AAB60083D50A /* Application */ = {
			isa = PBXGroup;
			children = (
				C068DE602BCFCA6400147AAF /* AppDelegate.swift */,
				C068DE622BCFCA6400147AAF /* SceneDelegate.swift */,
			);
			path = Application;
			sourceTree = "<group>";
		};
		7E4B90CD2BD3AC990083D50A /* View */ = {
			isa = PBXGroup;
			children = (
				C068DE662BCFCA6400147AAF /* Main.storyboard */,
				C068DE6B2BCFCA6500147AAF /* LaunchScreen.storyboard */,
			);
			path = View;
			sourceTree = "<group>";
		};
		7E4B90CE2BD3ACB20083D50A /* Controllers */ = {
			isa = PBXGroup;
			children = (
				C068DE642BCFCA6400147AAF /* ViewController.swift */,
				7E5ABD982BD423290079F5F6 /* HomeVC.swift */,
			);
			path = Controllers;
			sourceTree = "<group>";
		};
		7E4B90CF2BD3B13B0083D50A /* Resources */ = {
			isa = PBXGroup;
			children = (
				7E4B90D02BD3B7D40083D50A /* SFHello-Regular.ttf */,
			);
			path = Resources;
			sourceTree = "<group>";
		};
		7E5ABD8F2BD419050079F5F6 /* Xibs */ = {
			isa = PBXGroup;
			children = (
				7E5ABD902BD419230079F5F6 /* HomeCollectionCell.swift */,
				7E5ABD912BD419230079F5F6 /* HomeCollectionCell.xib */,
				7E5ABD942BD420250079F5F6 /* HomeCatagoryCollectionCell.swift */,
				7E5ABD952BD420250079F5F6 /* HomeCatagoryCollectionCell.xib */,
			);
			path = Xibs;
			sourceTree = "<group>";
		};
		C068DE542BCFCA6400147AAF = {
			isa = PBXGroup;
			children = (
				C068DE5F2BCFCA6400147AAF /* Quick Cuts */,
				C068DE5E2BCFCA6400147AAF /* Products */,
			);
			sourceTree = "<group>";
		};
		C068DE5E2BCFCA6400147AAF /* Products */ = {
			isa = PBXGroup;
			children = (
				C068DE5D2BCFCA6400147AAF /* Quick Cuts.app */,
			);
			name = Products;
			sourceTree = "<group>";
		};
		C068DE5F2BCFCA6400147AAF /* Quick Cuts */ = {
			isa = PBXGroup;
			children = (
				7E5ABD8F2BD419050079F5F6 /* Xibs */,
				7E26FD842BD3C1650028D31B /* Helpers */,
				7E4B90CF2BD3B13B0083D50A /* Resources */,
				C068DE6E2BCFCA6500147AAF /* Info.plist */,
				C068DE692BCFCA6500147AAF /* Assets.xcassets */,
				7E4B90CC2BD3AAB60083D50A /* Application */,
				7E4B90CE2BD3ACB20083D50A /* Controllers */,
				7E4B90CD2BD3AC990083D50A /* View */,
			);
			path = "Quick Cuts";
			sourceTree = "<group>";
		};
/* End PBXGroup section */

/* Begin PBXNativeTarget section */
		C068DE5C2BCFCA6400147AAF /* Quick Cuts */ = {
			isa = PBXNativeTarget;
			buildConfigurationList = C068DE712BCFCA6500147AAF /* Build configuration list for PBXNativeTarget "Quick Cuts" */;
			buildPhases = (
				C068DE592BCFCA6400147AAF /* Sources */,
				C068DE5A2BCFCA6400147AAF /* Frameworks */,
				C068DE5B2BCFCA6400147AAF /* Resources */,
			);
			buildRules = (
			);
			dependencies = (
			);
			name = "Quick Cuts";
			productName = "Quick Cuts";
			productReference = C068DE5D2BCFCA6400147AAF /* Quick Cuts.app */;
			productType = "com.apple.product-type.application";
		};
/* End PBXNativeTarget section */

/* Begin PBXProject section */
		C068DE552BCFCA6400147AAF /* Project object */ = {
			isa = PBXProject;
			attributes = {
				BuildIndependentTargetsInParallel = 1;
				LastSwiftUpdateCheck = 1530;
				LastUpgradeCheck = 1530;
				TargetAttributes = {
					C068DE5C2BCFCA6400147AAF = {
						CreatedOnToolsVersion = 15.3;
					};
				};
			};
			buildConfigurationList = C068DE582BCFCA6400147AAF /* Build configuration list for PBXProject "Quick Cuts" */;
			compatibilityVersion = "Xcode 14.0";
			developmentRegion = en;
			hasScannedForEncodings = 0;
			knownRegions = (
				en,
				Base,
			);
			mainGroup = C068DE542BCFCA6400147AAF;
			productRefGroup = C068DE5E2BCFCA6400147AAF /* Products */;
			projectDirPath = "";
			projectRoot = "";
			targets = (
				C068DE5C2BCFCA6400147AAF /* Quick Cuts */,
			);
		};
/* End PBXProject section */

/* Begin PBXResourcesBuildPhase section */
		C068DE5B2BCFCA6400147AAF /* Resources */ = {
			isa = PBXResourcesBuildPhase;
			buildActionMask = 2147483647;
			files = (
				C068DE6A2BCFCA6500147AAF /* Assets.xcassets in Resources */,
				7E5ABD922BD419230079F5F6 /* HomeCollectionCell.xib in Resources */,
				7E5ABD962BD420250079F5F6 /* HomeCatagoryCollectionCell.xib in Resources */,
				C068DE6D2BCFCA6500147AAF /* Base in Resources */,
				C068DE682BCFCA6400147AAF /* Base in Resources */,
				7E4B90D12BD3B7D40083D50A /* SFHello-Regular.ttf in Resources */,
			);
			runOnlyForDeploymentPostprocessing = 0;
		};
/* End PBXResourcesBuildPhase section */

/* Begin PBXSourcesBuildPhase section */
		C068DE592BCFCA6400147AAF /* Sources */ = {
			isa = PBXSourcesBuildPhase;
			buildActionMask = 2147483647;
			files = (
				7E5ABD932BD419230079F5F6 /* HomeCollectionCell.swift in Sources */,
				7E5ABD992BD423290079F5F6 /* HomeVC.swift in Sources */,
				C068DE652BCFCA6400147AAF /* ViewController.swift in Sources */,
				7E5ABD972BD420250079F5F6 /* HomeCatagoryCollectionCell.swift in Sources */,
				C068DE612BCFCA6400147AAF /* AppDelegate.swift in Sources */,
				7E26FD862BD3C17B0028D31B /* ViewExtensions.swift in Sources */,
				C068DE632BCFCA6400147AAF /* SceneDelegate.swift in Sources */,
			);
			runOnlyForDeploymentPostprocessing = 0;
		};
/* End PBXSourcesBuildPhase section */

/* Begin PBXVariantGroup section */
		C068DE662BCFCA6400147AAF /* Main.storyboard */ = {
			isa = PBXVariantGroup;
			children = (
				C068DE672BCFCA6400147AAF /* Base */,
			);
			name = Main.storyboard;
			sourceTree = "<group>";
		};
		C068DE6B2BCFCA6500147AAF /* LaunchScreen.storyboard */ = {
			isa = PBXVariantGroup;
			children = (
				C068DE6C2BCFCA6500147AAF /* Base */,
			);
			name = LaunchScreen.storyboard;
			sourceTree = "<group>";
		};
/* End PBXVariantGroup section */

/* Begin XCBuildConfiguration section */
		C068DE6F2BCFCA6500147AAF /* Debug */ = {
			isa = XCBuildConfiguration;
			buildSettings = {
				ALWAYS_SEARCH_USER_PATHS = NO;
				ASSETCATALOG_COMPILER_GENERATE_SWIFT_ASSET_SYMBOL_EXTENSIONS = YES;
				CLANG_ANALYZER_NONNULL = YES;
				CLANG_ANALYZER_NUMBER_OBJECT_CONVERSION = YES_AGGRESSIVE;
				CLANG_CXX_LANGUAGE_STANDARD = "gnu++20";
				CLANG_ENABLE_MODULES = YES;
				CLANG_ENABLE_OBJC_ARC = YES;
				CLANG_ENABLE_OBJC_WEAK = YES;
				CLANG_WARN_BLOCK_CAPTURE_AUTORELEASING = YES;
				CLANG_WARN_BOOL_CONVERSION = YES;
				CLANG_WARN_COMMA = YES;
				CLANG_WARN_CONSTANT_CONVERSION = YES;
				CLANG_WARN_DEPRECATED_OBJC_IMPLEMENTATIONS = YES;
				CLANG_WARN_DIRECT_OBJC_ISA_USAGE = YES_ERROR;
				CLANG_WARN_DOCUMENTATION_COMMENTS = YES;
				CLANG_WARN_EMPTY_BODY = YES;
				CLANG_WARN_ENUM_CONVERSION = YES;
				CLANG_WARN_INFINITE_RECURSION = YES;
				CLANG_WARN_INT_CONVERSION = YES;
				CLANG_WARN_NON_LITERAL_NULL_CONVERSION = YES;
				CLANG_WARN_OBJC_IMPLICIT_RETAIN_SELF = YES;
				CLANG_WARN_OBJC_LITERAL_CONVERSION = YES;
				CLANG_WARN_OBJC_ROOT_CLASS = YES_ERROR;
				CLANG_WARN_QUOTED_INCLUDE_IN_FRAMEWORK_HEADER = YES;
				CLANG_WARN_RANGE_LOOP_ANALYSIS = YES;
				CLANG_WARN_STRICT_PROTOTYPES = YES;
				CLANG_WARN_SUSPICIOUS_MOVE = YES;
				CLANG_WARN_UNGUARDED_AVAILABILITY = YES_AGGRESSIVE;
				CLANG_WARN_UNREACHABLE_CODE = YES;
				CLANG_WARN__DUPLICATE_METHOD_MATCH = YES;
				COPY_PHASE_STRIP = NO;
				DEBUG_INFORMATION_FORMAT = dwarf;
				ENABLE_STRICT_OBJC_MSGSEND = YES;
				ENABLE_TESTABILITY = YES;
				ENABLE_USER_SCRIPT_SANDBOXING = YES;
				GCC_C_LANGUAGE_STANDARD = gnu17;
				GCC_DYNAMIC_NO_PIC = NO;
				GCC_NO_COMMON_BLOCKS = YES;
				GCC_OPTIMIZATION_LEVEL = 0;
				GCC_PREPROCESSOR_DEFINITIONS = (
					"DEBUG=1",
					"$(inherited)",
				);
				GCC_WARN_64_TO_32_BIT_CONVERSION = YES;
				GCC_WARN_ABOUT_RETURN_TYPE = YES_ERROR;
				GCC_WARN_UNDECLARED_SELECTOR = YES;
				GCC_WARN_UNINITIALIZED_AUTOS = YES_AGGRESSIVE;
				GCC_WARN_UNUSED_FUNCTION = YES;
				GCC_WARN_UNUSED_VARIABLE = YES;
				IPHONEOS_DEPLOYMENT_TARGET = 17.4;
				LOCALIZATION_PREFERS_STRING_CATALOGS = YES;
				MTL_ENABLE_DEBUG_INFO = INCLUDE_SOURCE;
				MTL_FAST_MATH = YES;
				ONLY_ACTIVE_ARCH = YES;
				SDKROOT = iphoneos;
				SWIFT_ACTIVE_COMPILATION_CONDITIONS = "DEBUG $(inherited)";
				SWIFT_OPTIMIZATION_LEVEL = "-Onone";
			};
			name = Debug;
		};
		C068DE702BCFCA6500147AAF /* Release */ = {
			isa = XCBuildConfiguration;
			buildSettings = {
				ALWAYS_SEARCH_USER_PATHS = NO;
				ASSETCATALOG_COMPILER_GENERATE_SWIFT_ASSET_SYMBOL_EXTENSIONS = YES;
				CLANG_ANALYZER_NONNULL = YES;
				CLANG_ANALYZER_NUMBER_OBJECT_CONVERSION = YES_AGGRESSIVE;
				CLANG_CXX_LANGUAGE_STANDARD = "gnu++20";
				CLANG_ENABLE_MODULES = YES;
				CLANG_ENABLE_OBJC_ARC = YES;
				CLANG_ENABLE_OBJC_WEAK = YES;
				CLANG_WARN_BLOCK_CAPTURE_AUTORELEASING = YES;
				CLANG_WARN_BOOL_CONVERSION = YES;
				CLANG_WARN_COMMA = YES;
				CLANG_WARN_CONSTANT_CONVERSION = YES;
				CLANG_WARN_DEPRECATED_OBJC_IMPLEMENTATIONS = YES;
				CLANG_WARN_DIRECT_OBJC_ISA_USAGE = YES_ERROR;
				CLANG_WARN_DOCUMENTATION_COMMENTS = YES;
				CLANG_WARN_EMPTY_BODY = YES;
				CLANG_WARN_ENUM_CONVERSION = YES;
				CLANG_WARN_INFINITE_RECURSION = YES;
				CLANG_WARN_INT_CONVERSION = YES;
				CLANG_WARN_NON_LITERAL_NULL_CONVERSION = YES;
				CLANG_WARN_OBJC_IMPLICIT_RETAIN_SELF = YES;
				CLANG_WARN_OBJC_LITERAL_CONVERSION = YES;
				CLANG_WARN_OBJC_ROOT_CLASS = YES_ERROR;
				CLANG_WARN_QUOTED_INCLUDE_IN_FRAMEWORK_HEADER = YES;
				CLANG_WARN_RANGE_LOOP_ANALYSIS = YES;
				CLANG_WARN_STRICT_PROTOTYPES = YES;
				CLANG_WARN_SUSPICIOUS_MOVE = YES;
				CLANG_WARN_UNGUARDED_AVAILABILITY = YES_AGGRESSIVE;
				CLANG_WARN_UNREACHABLE_CODE = YES;
				CLANG_WARN__DUPLICATE_METHOD_MATCH = YES;
				COPY_PHASE_STRIP = NO;
				DEBUG_INFORMATION_FORMAT = "dwarf-with-dsym";
				ENABLE_NS_ASSERTIONS = NO;
				ENABLE_STRICT_OBJC_MSGSEND = YES;
				ENABLE_USER_SCRIPT_SANDBOXING = YES;
				GCC_C_LANGUAGE_STANDARD = gnu17;
				GCC_NO_COMMON_BLOCKS = YES;
				GCC_WARN_64_TO_32_BIT_CONVERSION = YES;
				GCC_WARN_ABOUT_RETURN_TYPE = YES_ERROR;
				GCC_WARN_UNDECLARED_SELECTOR = YES;
				GCC_WARN_UNINITIALIZED_AUTOS = YES_AGGRESSIVE;
				GCC_WARN_UNUSED_FUNCTION = YES;
				GCC_WARN_UNUSED_VARIABLE = YES;
				IPHONEOS_DEPLOYMENT_TARGET = 17.4;
				LOCALIZATION_PREFERS_STRING_CATALOGS = YES;
				MTL_ENABLE_DEBUG_INFO = NO;
				MTL_FAST_MATH = YES;
				SDKROOT = iphoneos;
				SWIFT_COMPILATION_MODE = wholemodule;
				VALIDATE_PRODUCT = YES;
			};
			name = Release;
		};
		C068DE722BCFCA6500147AAF /* Debug */ = {
			isa = XCBuildConfiguration;
			buildSettings = {
				ASSETCATALOG_COMPILER_APPICON_NAME = AppIcon;
				ASSETCATALOG_COMPILER_GLOBAL_ACCENT_COLOR_NAME = AccentColor;
				CODE_SIGN_STYLE = Automatic;
				CURRENT_PROJECT_VERSION = 1;
				DEVELOPMENT_TEAM = QUM623UT8W;
				GENERATE_INFOPLIST_FILE = YES;
				INFOPLIST_FILE = "Quick Cuts/Info.plist";
				INFOPLIST_KEY_UIApplicationSupportsIndirectInputEvents = YES;
				INFOPLIST_KEY_UILaunchStoryboardName = LaunchScreen;
				INFOPLIST_KEY_UIMainStoryboardFile = Main;
				INFOPLIST_KEY_UISupportedInterfaceOrientations_iPad = "UIInterfaceOrientationPortrait UIInterfaceOrientationPortraitUpsideDown UIInterfaceOrientationLandscapeLeft UIInterfaceOrientationLandscapeRight";
				INFOPLIST_KEY_UISupportedInterfaceOrientations_iPhone = "UIInterfaceOrientationPortrait UIInterfaceOrientationLandscapeLeft UIInterfaceOrientationLandscapeRight";
				LD_RUNPATH_SEARCH_PATHS = (
					"$(inherited)",
					"@executable_path/Frameworks",
				);
				MARKETING_VERSION = 1.0;
				PRODUCT_BUNDLE_IDENTIFIER = "com.ios.akshay.Quick-Cuts";
				PRODUCT_NAME = "$(TARGET_NAME)";
				SWIFT_EMIT_LOC_STRINGS = YES;
				SWIFT_VERSION = 5.0;
				TARGETED_DEVICE_FAMILY = "1,2";
			};
			name = Debug;
		};
		C068DE732BCFCA6500147AAF /* Release */ = {
			isa = XCBuildConfiguration;
			buildSettings = {
				ASSETCATALOG_COMPILER_APPICON_NAME = AppIcon;
				ASSETCATALOG_COMPILER_GLOBAL_ACCENT_COLOR_NAME = AccentColor;
				CODE_SIGN_STYLE = Automatic;
				CURRENT_PROJECT_VERSION = 1;
				DEVELOPMENT_TEAM = QUM623UT8W;
				GENERATE_INFOPLIST_FILE = YES;
				INFOPLIST_FILE = "Quick Cuts/Info.plist";
				INFOPLIST_KEY_UIApplicationSupportsIndirectInputEvents = YES;
				INFOPLIST_KEY_UILaunchStoryboardName = LaunchScreen;
				INFOPLIST_KEY_UIMainStoryboardFile = Main;
				INFOPLIST_KEY_UISupportedInterfaceOrientations_iPad = "UIInterfaceOrientationPortrait UIInterfaceOrientationPortraitUpsideDown UIInterfaceOrientationLandscapeLeft UIInterfaceOrientationLandscapeRight";
				INFOPLIST_KEY_UISupportedInterfaceOrientations_iPhone = "UIInterfaceOrientationPortrait UIInterfaceOrientationLandscapeLeft UIInterfaceOrientationLandscapeRight";
				LD_RUNPATH_SEARCH_PATHS = (
					"$(inherited)",
					"@executable_path/Frameworks",
				);
				MARKETING_VERSION = 1.0;
				PRODUCT_BUNDLE_IDENTIFIER = "com.ios.akshay.Quick-Cuts";
				PRODUCT_NAME = "$(TARGET_NAME)";
				SWIFT_EMIT_LOC_STRINGS = YES;
				SWIFT_VERSION = 5.0;
				TARGETED_DEVICE_FAMILY = "1,2";
			};
			name = Release;
		};
/* End XCBuildConfiguration section */

/* Begin XCConfigurationList section */
		C068DE582BCFCA6400147AAF /* Build configuration list for PBXProject "Quick Cuts" */ = {
			isa = XCConfigurationList;
			buildConfigurations = (
				C068DE6F2BCFCA6500147AAF /* Debug */,
				C068DE702BCFCA6500147AAF /* Release */,
			);
			defaultConfigurationIsVisible = 0;
			defaultConfigurationName = Release;
		};
		C068DE712BCFCA6500147AAF /* Build configuration list for PBXNativeTarget "Quick Cuts" */ = {
			isa = XCConfigurationList;
			buildConfigurations = (
				C068DE722BCFCA6500147AAF /* Debug */,
				C068DE732BCFCA6500147AAF /* Release */,
			);
			defaultConfigurationIsVisible = 0;
			defaultConfigurationName = Release;
		};
/* End XCConfigurationList section */
	};
	rootObject = C068DE552BCFCA6400147AAF /* Project object */;
}
